#MicroXplorer Configuration settings - do not modify
CAD.formats=
CAD.pinconfig=
CAD.provider=
CORTEX_M33_NS.userName=CORTEX_M33
DCACHE1.DCACHE_Read_Burst_Type=DCACHE_READ_BURST_INCR
DCACHE1.IPParameters=DCACHE_Read_Burst_Type
DCACHE2.DCACHE_Read_Burst_Type=DCACHE_READ_BURST_INCR
DCACHE2.IPParameters=DCACHE_Read_Burst_Type
DMA2D.ColorMode=DMA2D_OUTPUT_RGB888
DMA2D.IPParameters=ColorMode,Mode
DMA2D.Mode=DMA2D_R2M
DSIHOST.ClockLaneHS2LPTime=11
DSIHOST.ClockLaneLP2HSTime=40
DSIHOST.DataLaneHS2LPTime=12
DSIHOST.DataLaneLP2HSTime=23
DSIHOST.FrameBTAAcknowledgeEnable=DSI_FBTAA_ENABLE
DSIHOST.HorizontalBackPorch=3
DSIHOST.HorizontalLine=1452
DSIHOST.HorizontalSyncActive=6
DSIHOST.IPParameters=NumberOfLanes,ClockLaneHS2LPTime,ClockLaneLP2HSTime,DataLaneHS2LPTime,DataLaneLP2HSTime,StopWaitTime,Mode,FrameBTAAcknowledgeEnable,HorizontalSyncActive,HorizontalBackPorch,HorizontalLine,LPHorizontalFrontPorchEnable,LPHorizontalBackPorchEnable,LPVerticalActiveEnable,LPVerticalFrontPorchEnable,LPVerticalBackPorchEnable,LPVerticalSyncActiveEnable,LPCommandEnable,LPVACTLargestPacketSize,LPLargestPacketSize,PHYFrequencyRange,PLLVCORange
DSIHOST.LPCommandEnable=DSI_LP_COMMAND_ENABLE
DSIHOST.LPHorizontalBackPorchEnable=DSI_LP_HBP_ENABLE
DSIHOST.LPHorizontalFrontPorchEnable=DSI_LP_HFP_ENABLE
DSIHOST.LPLargestPacketSize=64
DSIHOST.LPVACTLargestPacketSize=0
DSIHOST.LPVerticalActiveEnable=DSI_LP_VACT_ENABLE
DSIHOST.LPVerticalBackPorchEnable=DSI_LP_VBP_ENABLE
DSIHOST.LPVerticalFrontPorchEnable=DSI_LP_VFP_ENABLE
DSIHOST.LPVerticalSyncActiveEnable=DSI_LP_VSYNC_ENABLE
DSIHOST.Mode=DSI_VID_MODE_BURST
DSIHOST.NumberOfLanes=DSI_TWO_DATA_LANES
DSIHOST.PHYFrequencyRange=DSI_DPHY_FRANGE_450MHZ_510MHZ
DSIHOST.PLLVCORange=DSI_DPHY_VCO_FRANGE_800MHZ_1GHZ
DSIHOST.StopWaitTime=7
DSI_CKN.Mode=DSIHost_Video
DSI_CKN.Signal=DSIHOST_CKN
DSI_CKP.Mode=DSIHost_Video
DSI_CKP.Signal=DSIHOST_CKP
DSI_D0N.Mode=DSIHost_Video
DSI_D0N.Signal=DSIHOST_D0N
DSI_D0P.Mode=DSIHost_Video
DSI_D0P.Signal=DSIHOST_D0P
DSI_D1N.Mode=DSIHost_Video
DSI_D1N.Signal=DSIHOST_D1N
DSI_D1P.Mode=DSIHost_Video
DSI_D1P.Signal=DSIHOST_D1P
File.Version=6
GPIO.groupedBy=Group By Peripherals
HSPI1.ChipSelectBoundary=HAL_XSPI_BONDARYOF_64KB
HSPI1.ClockPrescaler=0
HSPI1.DelayHoldQuarterCycle=HAL_XSPI_DHQC_DISABLE
HSPI1.FifoThresholdByte=2
HSPI1.FreeRunningClock=HAL_XSPI_FREERUNCLK_DISABLE
HSPI1.IPParameters=MemoryType,FifoThresholdByte,MemorySize,WrapSize,ClockPrescaler,ChipSelectBoundary,FreeRunningClock,SampleShifting,DelayHoldQuarterCycle
HSPI1.MemorySize=HAL_XSPI_SIZE_32MB
HSPI1.MemoryType=HAL_XSPI_MEMTYPE_APMEM_16BITS
HSPI1.SampleShifting=HAL_XSPI_SAMPLE_SHIFT_NONE
HSPI1.WrapSize=HAL_XSPI_WRAP_32_BYTES
I2C5.Analog_Filter=I2C_ANALOGFILTER_ENABLE
I2C5.I2C_Fall_Time=0
I2C5.I2C_Rise_Time=0
I2C5.I2C_Speed_Mode=I2C_Fast
I2C5.IPParameters=Timing,I2C_Speed_Mode,Analog_Filter,I2C_Fall_Time,I2C_Rise_Time
I2C5.Timing=0x00F07BFF
KeepUserPlacement=false
LTDC.ActiveH=481
LTDC.ActiveW=480
LTDC.Alpha0_L0=0
LTDC.Alpha_L0=255
LTDC.BlendingFactor1_L0=LTDC_BLENDING_FACTOR1_PAxCA
LTDC.BlendingFactor2_L0=LTDC_BLENDING_FACTOR2_PAxCA
LTDC.FBStartAdress_L0=0x0
LTDC.HBP=1
LTDC.HFP=1
LTDC.HSPolarity=LTDC_HSPOLARITY_AH
LTDC.HSync=2
LTDC.IPParameters=ActiveW,Layers,PixelFormat_L0,Alpha0_L0,WindowX1_L0,WindowY1_L0,BlendingFactor1_L0,BlendingFactor2_L0,ImageWidth_L0,ImageHeight_L0,FBStartAdress_L0,HSync,HBP,HFP,VSync,VBP,VFP,Alpha_L0,HSPolarity,VSPolarity,ActiveH,WindowY0_L0
LTDC.ImageHeight_L0=480
LTDC.ImageWidth_L0=480
LTDC.Layers=0
LTDC.PixelFormat_L0=LTDC_PIXEL_FORMAT_RGB888
LTDC.VBP=12
LTDC.VFP=200
LTDC.VSPolarity=LTDC_VSPOLARITY_AH
LTDC.VSync=20
LTDC.WindowX1_L0=480
LTDC.WindowY0_L0=1
LTDC.WindowY1_L0=481
Mcu.CPN=STM32U5A9NJH6Q
Mcu.ContextProject=TrustZoneDisabled
Mcu.Family=STM32U5
Mcu.IP0=CORTEX_M33_NS
Mcu.IP1=CRC
Mcu.IP10=LTDC
Mcu.IP11=NVIC
Mcu.IP12=OCTOSPI1
Mcu.IP13=PWR
Mcu.IP14=RCC
Mcu.IP15=SYS
Mcu.IP16=TIM8
Mcu.IP2=DCACHE1
Mcu.IP3=DCACHE2
Mcu.IP4=DMA2D
Mcu.IP5=DSIHOST
Mcu.IP6=GPU2D
Mcu.IP7=HSPI1
Mcu.IP8=I2C5
Mcu.IP9=ICACHE
Mcu.IPNb=17
Mcu.Name=STM32U5A9NJHxQ
Mcu.Package=TFBGA216
Mcu.Pin0=PE0
Mcu.Pin1=PE1
Mcu.Pin10=PC13
Mcu.Pin11=PI15
Mcu.Pin12=PI14
Mcu.Pin13=PI13
Mcu.Pin14=DSI_D0P
Mcu.Pin15=DSI_D0N
Mcu.Pin16=PI12
Mcu.Pin17=PI11
Mcu.Pin18=PI10
Mcu.Pin19=DSI_CKP
Mcu.Pin2=PD5
Mcu.Pin20=PI9
Mcu.Pin21=PI8
Mcu.Pin22=DSI_CKN
Mcu.Pin23=PI1
Mcu.Pin24=PI2
Mcu.Pin25=PI3
Mcu.Pin26=DSI_D1N
Mcu.Pin27=DSI_D1P
Mcu.Pin28=PH14
Mcu.Pin29=PH15
Mcu.Pin3=PH5
Mcu.Pin30=PI0
Mcu.Pin31=PF10
Mcu.Pin32=PF7
Mcu.Pin33=PF9
Mcu.Pin34=PH10
Mcu.Pin35=PH11
Mcu.Pin36=PH13
Mcu.Pin37=PC1
Mcu.Pin38=PF6
Mcu.Pin39=PF8
Mcu.Pin4=PI5
Mcu.Pin40=PA2
Mcu.Pin41=PE8
Mcu.Pin42=PH9
Mcu.Pin43=PH12
Mcu.Pin44=PH0-OSC_IN (PH0)
Mcu.Pin45=PH1-OSC_OUT (PH1)
Mcu.Pin46=PC3
Mcu.Pin47=PF12
Mcu.Pin48=PC2
Mcu.Pin49=PC0
Mcu.Pin5=PD1
Mcu.Pin50=PA1
Mcu.Pin51=PF14
Mcu.Pin52=VP_CRC_VS_CRC
Mcu.Pin53=VP_DCACHE1_VS_DCACHE
Mcu.Pin54=VP_DCACHE2_VS_DCACHE
Mcu.Pin55=VP_DMA2D_VS_DMA2D
Mcu.Pin56=VP_GPU2D_VS_GPU2D
Mcu.Pin57=VP_ICACHE_VS_ICACHE
Mcu.Pin58=VP_LTDC_DSIMode
Mcu.Pin59=VP_OCTOSPI1_VS_octo
Mcu.Pin6=PH4
Mcu.Pin60=VP_PWR_VS_DBSignals
Mcu.Pin61=VP_PWR_VS_SECSignals
Mcu.Pin62=VP_PWR_VS_LPOM
Mcu.Pin63=VP_SYS_VS_tim6
Mcu.Pin64=VP_TIM8_VS_ClockSourceINT
Mcu.Pin65=VP_STMicroelectronics.X-CUBE-FREERTOS_VS_CMSISJjRTOS2_10.4.6_1.0.0
Mcu.Pin66=VP_STMicroelectronics.X-CUBE-TOUCHGFX_VS_GraphicsJjApplication_4.23.0
Mcu.Pin7=PI6
Mcu.Pin8=PD0
Mcu.Pin9=PJ0
Mcu.PinsNb=67
Mcu.ThirdParty0=STMicroelectronics.X-CUBE-FREERTOS.1.0.0
Mcu.ThirdParty1=STMicroelectronics.X-CUBE-TOUCHGFX.4.23.0
Mcu.ThirdPartyNb=2
Mcu.UserConstants=
Mcu.UserName=STM32U5A9NJHxQ
MxCube.Version=6.11.0
MxDb.Version=DB.6.0.110
NVIC.BusFault_IRQn=true\:0\:0\:false\:false\:true\:false\:false\:false\:false
NVIC.DMA2D_IRQn=true\:7\:0\:true\:false\:true\:true\:true\:true\:true
NVIC.DebugMonitor_IRQn=true\:0\:0\:false\:false\:true\:false\:false\:false\:false
NVIC.EXTI8_IRQn=true\:10\:0\:true\:false\:true\:true\:true\:true\:true
NVIC.ForceEnableDMAVector=true
NVIC.GPU2D_ER_IRQn=true\:7\:0\:true\:false\:true\:true\:false\:true\:true
NVIC.GPU2D_IRQn=true\:7\:0\:true\:false\:true\:true\:false\:true\:true
NVIC.HardFault_IRQn=true\:0\:0\:false\:false\:true\:false\:false\:false\:false
NVIC.LTDC_ER_IRQn=true\:7\:0\:true\:false\:true\:true\:true\:true\:true
NVIC.LTDC_IRQn=true\:7\:0\:true\:false\:true\:true\:true\:true\:true
NVIC.MemoryManagement_IRQn=true\:0\:0\:false\:false\:true\:false\:false\:false\:false
NVIC.NonMaskableInt_IRQn=true\:0\:0\:false\:false\:true\:false\:false\:false\:false
NVIC.PendSV_IRQn=true\:15\:0\:false\:false\:false\:true\:false\:false\:false
NVIC.PriorityGroup=NVIC_PRIORITYGROUP_4
NVIC.SVCall_IRQn=true\:0\:0\:false\:false\:false\:false\:false\:false\:false
NVIC.SavedPendsvIrqHandlerGenerated=true
NVIC.SavedSvcallIrqHandlerGenerated=true
NVIC.SavedSystickIrqHandlerGenerated=true
NVIC.SysTick_IRQn=true\:15\:0\:false\:false\:false\:true\:false\:true\:false
NVIC.TIM6_IRQn=true\:4\:0\:true\:false\:true\:false\:false\:true\:true
NVIC.TimeBase=TIM6_IRQn
NVIC.TimeBaseIP=TIM6
NVIC.UsageFault_IRQn=true\:0\:0\:false\:false\:true\:false\:false\:false\:false
OCTOSPI1.ChipSelectHighTime=2
OCTOSPI1.DelayBlockBypass=HAL_OSPI_DELAY_BLOCK_USED
OCTOSPI1.DelayHoldQuarterCycle=HAL_OSPI_DHQC_ENABLE
OCTOSPI1.DeviceSize=27
OCTOSPI1.DeviceType=SPI_DEVICE_FLASH
OCTOSPI1.FifoThreshold=4
OCTOSPI1.IPParameters=FifoThreshold,MemoryType,DeviceSize,DeviceType,ChipSelectHighTime,DelayHoldQuarterCycle,DelayBlockBypass
OCTOSPI1.MemoryType=HAL_OSPI_MEMTYPE_MACRONIX
PA1.GPIOParameters=GPIO_Label
PA1.GPIO_Label=OSPI_DQS
PA1.Locked=true
PA1.Mode=OCTOSPI1_Port1_DQS
PA1.Signal=OCTOSPIM_P1_DQS
PA2.GPIOParameters=GPIO_Label
PA2.GPIO_Label=OSPI_CS
PA2.Locked=true
PA2.Mode=OCTOSPI1_Port1_NCS
PA2.Signal=OCTOSPIM_P1_NCS
PC0.GPIOParameters=GPIO_Label
PC0.GPIO_Label=OSPI_D7
PC0.Locked=true
PC0.Mode=OCTOSPI1_IOH_Port1H
PC0.Signal=OCTOSPIM_P1_IO7
PC1.GPIOParameters=GPIO_Label
PC1.GPIO_Label=OSPI_D4
PC1.Locked=true
PC1.Mode=OCTOSPI1_IOH_Port1H
PC1.Signal=OCTOSPIM_P1_IO4
PC13.GPIOParameters=GPIO_Label
PC13.GPIO_Label=USER_BUTTON
PC13.Locked=true
PC13.Signal=GPIO_Input
PC2.GPIOParameters=GPIO_Label
PC2.GPIO_Label=OSPI_D5
PC2.Locked=true
PC2.Mode=OCTOSPI1_IOH_Port1H
PC2.Signal=OCTOSPIM_P1_IO5
PC3.GPIOParameters=GPIO_Label
PC3.GPIO_Label=OSPI_D6
PC3.Locked=true
PC3.Mode=OCTOSPI1_IOH_Port1H
PC3.Signal=OCTOSPIM_P1_IO6
PD0.GPIOParameters=GPIO_Speed,GPIO_Label
PD0.GPIO_Label=RENDER_TIME
PD0.GPIO_Speed=GPIO_SPEED_FREQ_HIGH
PD0.Locked=true
PD0.Signal=GPIO_Output
PD1.GPIOParameters=GPIO_Speed,GPIO_Label
PD1.GPIO_Label=VSYNC_FREQ
PD1.GPIO_Speed=GPIO_SPEED_FREQ_HIGH
PD1.Locked=true
PD1.Signal=GPIO_Output
PD5.GPIOParameters=GPIO_Speed,PinState,GPIO_Label
PD5.GPIO_Label=LCD_RESET
PD5.GPIO_Speed=GPIO_SPEED_FREQ_HIGH
PD5.Locked=true
PD5.PinState=GPIO_PIN_SET
PD5.Signal=GPIO_Output
PE0.GPIOParameters=GPIO_Speed,PinState,GPIO_Label
PE0.GPIO_Label=LED_GREEN
PE0.GPIO_Speed=GPIO_SPEED_FREQ_VERY_HIGH
PE0.Locked=true
PE0.PinState=GPIO_PIN_RESET
PE0.Signal=GPIO_Output
PE1.GPIOParameters=GPIO_Speed,GPIO_Label
PE1.GPIO_Label=LED_RED
PE1.GPIO_Speed=GPIO_SPEED_FREQ_VERY_HIGH
PE1.Locked=true
PE1.Signal=GPIO_Output
PE8.GPIOParameters=GPIO_PuPd,GPIO_Label,GPIO_ModeDefaultEXTI
PE8.GPIO_Label=DSI_TOUCH_INT
PE8.GPIO_ModeDefaultEXTI=GPIO_MODE_IT_FALLING
PE8.GPIO_PuPd=GPIO_PULLUP
PE8.Locked=true
PE8.Signal=GPXTI8
PF10.GPIOParameters=GPIO_Label
PF10.GPIO_Label=OSPI_CLK
PF10.Mode=O1_P1_CLK
PF10.Signal=OCTOSPIM_P1_CLK
PF12.GPIOParameters=GPIO_Speed,GPIO_Label
PF12.GPIO_Label=MCU_ACTIVE
PF12.GPIO_Speed=GPIO_SPEED_FREQ_HIGH
PF12.Locked=true
PF12.Signal=GPIO_Output
PF14.GPIOParameters=GPIO_Speed,GPIO_Label
PF14.GPIO_Label=FRAME_RATE
PF14.GPIO_Speed=GPIO_SPEED_FREQ_HIGH
PF14.Locked=true
PF14.Signal=GPIO_Output
PF6.GPIOParameters=GPIO_Label
PF6.GPIO_Label=OSPI_D3
PF6.Mode=OCTOSPI1_IOL_Port1L
PF6.Signal=OCTOSPIM_P1_IO3
PF7.GPIOParameters=GPIO_Label
PF7.GPIO_Label=OSPI_D2
PF7.Mode=OCTOSPI1_IOL_Port1L
PF7.Signal=OCTOSPIM_P1_IO2
PF8.GPIOParameters=GPIO_Label
PF8.GPIO_Label=OSPI_D0
PF8.Mode=OCTOSPI1_IOL_Port1L
PF8.Signal=OCTOSPIM_P1_IO0
PF9.GPIOParameters=GPIO_Label
PF9.GPIO_Label=OSPI_D1
PF9.Mode=OCTOSPI1_IOL_Port1L
PF9.Signal=OCTOSPIM_P1_IO1
PH0-OSC_IN\ (PH0).Mode=HSE-External-Oscillator
PH0-OSC_IN\ (PH0).Signal=RCC_OSC_IN
PH1-OSC_OUT\ (PH1).Mode=HSE-External-Oscillator
PH1-OSC_OUT\ (PH1).Signal=RCC_OSC_OUT
PH10.Mode=hexa_mode
PH10.Signal=HSPI1_IO0
PH11.Mode=hexa_mode
PH11.Signal=HSPI1_IO1
PH12.Mode=hexa_mode
PH12.Signal=HSPI1_IO2
PH13.Mode=hexa_mode
PH13.Signal=HSPI1_IO3
PH14.Mode=hexa_mode
PH14.Signal=HSPI1_IO4
PH15.Mode=hexa_mode
PH15.Signal=HSPI1_IO5
PH4.GPIOParameters=GPIO_Speed
PH4.GPIO_Speed=GPIO_SPEED_FREQ_VERY_HIGH
PH4.Mode=I2C
PH4.Signal=I2C5_SDA
PH5.GPIOParameters=GPIO_Speed
PH5.GPIO_Speed=GPIO_SPEED_FREQ_VERY_HIGH
PH5.Mode=I2C
PH5.Signal=I2C5_SCL
PH9.Mode=hexa_mode
PH9.Signal=HSPI1_NCS
PI0.Mode=hexa_mode
PI0.Signal=HSPI1_IO6
PI1.Mode=hexa_mode
PI1.Signal=HSPI1_IO7
PI10.Mode=hexa_mode
PI10.Signal=HSPI1_IO9
PI11.Mode=hexa_mode
PI11.Signal=HSPI1_IO10
PI12.Mode=hexa_mode
PI12.Signal=HSPI1_IO11
PI13.Mode=hexa_mode
PI13.Signal=HSPI1_IO12
PI14.Mode=hexa_mode
PI14.Signal=HSPI1_IO13
PI15.Mode=hexa_mode
PI15.Signal=HSPI1_IO14
PI2.Mode=hexa_mode
PI2.Signal=HSPI1_DQS0
PI3.Mode=hexa_mode
PI3.Signal=HSPI1_CLK
PI5.GPIOParameters=GPIO_Speed,GPIO_Label
PI5.GPIO_Label=DSI_PWR_ON
PI5.GPIO_Speed=GPIO_SPEED_FREQ_LOW
PI5.Locked=true
PI5.Signal=GPIO_Output
PI6.GPIOParameters=GPIO_Speed,GPIO_Label
PI6.GPIO_Label=DSI_BL_CTRL
PI6.GPIO_Speed=GPIO_SPEED_FREQ_HIGH
PI6.Locked=true
PI6.Signal=S_TIM8_CH2
PI8.Mode=hexa_mode
PI8.Signal=HSPI1_DQS1
PI9.Mode=hexa_mode
PI9.Signal=HSPI1_IO8
PJ0.Mode=hexa_mode
PJ0.Signal=HSPI1_IO15
PWR.IPParameters=PowerMode
PWR.PowerMode=PWR_SMPS_SUPPLY
PinOutPanel.CurrentBGAView=Top
PinOutPanel.RotationAngle=0
ProjectManager.AskForMigrate=true
ProjectManager.BackupPrevious=false
ProjectManager.CompilerOptimize=6
ProjectManager.ComputerToolchain=false
ProjectManager.CoupleFile=false
ProjectManager.CustomerFirmwarePackage=
ProjectManager.DefaultFWLocation=true
ProjectManager.DeletePrevious=true
ProjectManager.DeviceId=STM32U5A9NJHxQ
ProjectManager.FirmwarePackage=STM32Cube FW_U5 V1.5.0
ProjectManager.FreePins=false
ProjectManager.HalAssertFull=false
ProjectManager.HeapSize=0x800
ProjectManager.KeepUserCode=true
ProjectManager.LPBAM.generateCode=
ProjectManager.LastFirmware=true
ProjectManager.LibraryCopy=1
ProjectManager.MainLocation=Core/Src
ProjectManager.NoMain=false
ProjectManager.PreviousToolchain=
ProjectManager.ProjectBuild=false
ProjectManager.ProjectFileName=STM32U5A9J-DK-FreeRTOS.ioc
ProjectManager.ProjectName=STM32U5A9J-DK-FreeRTOS
ProjectManager.ProjectStructure=
ProjectManager.RegisterCallBack=
ProjectManager.StackSize=0x1000
ProjectManager.TargetToolchain=STM32CubeIDE
ProjectManager.ToolChainLocation=
ProjectManager.UAScriptAfterPath=
ProjectManager.UAScriptBeforePath=
ProjectManager.UnderRoot=false
ProjectManager.functionlistsort=1-SystemClock_Config-RCC-false-HAL-false,2-MX_GPIO_Init-GPIO-false-HAL-true,3-MX_ICACHE_Init-ICACHE-false-HAL-true,4-MX_CRC_Init-CRC-false-HAL-true,5-MX_TIM8_Init-TIM8-false-HAL-true,false-6-MX_I2C5_Init-I2C5-true-HAL-true,7-MX_DMA2D_Init-DMA2D-false-HAL-true,8-MX_GPU2D_Init-GPU2D-false-HAL-true,9-MX_DSIHOST_DSI_Init-DSIHOST-false-HAL-true,10-MX_LTDC_Init-LTDC-false-HAL-true,11-MX_OCTOSPI1_Init-OCTOSPI1-false-HAL-true,12-MX_HSPI1_Init-HSPI1-false-HAL-true,13-MX_DCACHE1_Init-DCACHE1-false-HAL-true,14-MX_DCACHE2_Init-DCACHE2-false-HAL-true,17-MX_TouchGFX_Init-STMicroelectronics.X-CUBE-TOUCHGFX.4.23.0-false-HAL-false,18-MX_TouchGFX_Process-STMicroelectronics.X-CUBE-TOUCHGFX.4.23.0-false-HAL-false,0-MX_CORTEX_M33_NS_Init-CORTEX_M33_NS-false-HAL-true,0-MX_PWR_Init-PWR-false-HAL-true
RCC.ADCFreq_Value=16000000
RCC.ADF1Freq_Value=160000000
RCC.AHBFreq_Value=160000000
RCC.APB1Freq_Value=160000000
RCC.APB1TimFreq_Value=160000000
RCC.APB2Freq_Value=160000000
RCC.APB2TimFreq_Value=160000000
RCC.APB3Freq_Value=160000000
RCC.CK48Freq_Value=48000000
RCC.CRSFreq_Value=48000000
RCC.CortexFreq_Value=160000000
RCC.DACCLockSelectionVirtual=RCC_DAC1CLKSOURCE_LSI
RCC.DACFreq_Value=32000
RCC.DSICLockSelection=RCC_DSICLKSOURCE_PLL3
RCC.DSIFreq_Value=62500000
RCC.DSITXEscFreq_Value=15625000
RCC.EPOD_VALUE=4000000
RCC.FCLKCortexFreq_Value=160000000
RCC.FDCANFreq_Value=160000000
RCC.FamilyName=M
RCC.HCLKFreq_Value=160000000
RCC.HSE_VALUE=16000000
RCC.HSI48_VALUE=48000000
RCC.HSI_VALUE=16000000
RCC.HSPI1Freq_Value=160000000
RCC.I2C1Freq_Value=160000000
RCC.I2C2Freq_Value=160000000
RCC.I2C3Freq_Value=160000000
RCC.I2C4Freq_Value=160000000
RCC.I2C5Freq_Value=160000000
RCC.I2C6Freq_Value=160000000
RCC.IPParameters=ADCFreq_Value,ADF1Freq_Value,AHBFreq_Value,APB1Freq_Value,APB1TimFreq_Value,APB2Freq_Value,APB2TimFreq_Value,APB3Freq_Value,CK48Freq_Value,CRSFreq_Value,CortexFreq_Value,DACCLockSelectionVirtual,DACFreq_Value,DSICLockSelection,DSIFreq_Value,DSITXEscFreq_Value,EPOD_VALUE,FCLKCortexFreq_Value,FDCANFreq_Value,FamilyName,HCLKFreq_Value,HSE_VALUE,HSI48_VALUE,HSI_VALUE,HSPI1Freq_Value,I2C1Freq_Value,I2C2Freq_Value,I2C3Freq_Value,I2C4Freq_Value,I2C5Freq_Value,I2C6Freq_Value,LPTIM2Freq_Value,LPUART1Freq_Value,LSCOPinFreq_Value,LSE_VALUE,LSIDIV_VALUE,LSI_VALUE,LTDCCLockSelection,LTDCFreq_Value,MCO1PinFreq_Value,MDF1Freq_Value,MSI_VALUE,OCTOSPIMCLockSelection,OCTOSPIMFreq_Value,PLL2FRACN,PLL2N,PLL2PoutputFreq_Value,PLL2Q,PLL2QoutputFreq_Value,PLL2RoutputFreq_Value,PLL3M,PLL3N,PLL3P,PLL3PoutputFreq_Value,PLL3QoutputFreq_Value,PLL3R,PLL3RoutputFreq_Value,PLL3Source,PLLDSIFreq_Value,PLLDSIIDF,PLLDSINDIV,PLLDSIODF,PLLDSIVCOFreq_Value,PLLN,PLLPoutputFreq_Value,PLLQoutputFreq_Value,PLLRCLKFreq_Value,RNGFreq_Value,SAESFreq_Value,SAI1Freq_Value,SAI2Freq_Value,SDMMCFreq_Value,SPI1Freq_Value,SPI2Freq_Value,SPI3Freq_Value,SYSCLKFreq_VALUE,SYSCLKSource,UART4Freq_Value,UART5Freq_Value,USART1Freq_Value,USART2Freq_Value,USART3Freq_Value,USART6Freq_Value,USBPHYFreq_Value,VCOInput2Freq_Value,VCOInput3Freq_Value,VCOInputFreq_Value,VCOOutputFreq_Value,VCOPLL2OutputFreq_Value,VCOPLL3OutputFreq_Value
RCC.LPTIM2Freq_Value=160000000
RCC.LPUART1Freq_Value=160000000
RCC.LSCOPinFreq_Value=32000
RCC.LSE_VALUE=32768
RCC.LSIDIV_VALUE=32000
RCC.LSI_VALUE=32000
RCC.LTDCCLockSelection=RCC_LTDCCLKSOURCE_PLL3
RCC.LTDCFreq_Value=20833333.333333332
RCC.MCO1PinFreq_Value=160000000
RCC.MDF1Freq_Value=160000000
RCC.MSI_VALUE=4000000
RCC.OCTOSPIMCLockSelection=RCC_OSPICLKSOURCE_PLL2
RCC.OCTOSPIMFreq_Value=93000000
RCC.PLL2FRACN=0
RCC.PLL2N=93
RCC.PLL2PoutputFreq_Value=186000000
RCC.PLL2Q=4
RCC.PLL2QoutputFreq_Value=93000000
RCC.PLL2RoutputFreq_Value=186000000
RCC.PLL3M=4
RCC.PLL3N=125
RCC.PLL3P=8
RCC.PLL3PoutputFreq_Value=62500000
RCC.PLL3QoutputFreq_Value=250000000
RCC.PLL3R=24
RCC.PLL3RoutputFreq_Value=20833333.333333332
RCC.PLL3Source=RCC_PLLSOURCE_HSE
RCC.PLLDSIFreq_Value=500000000
RCC.PLLDSIIDF=DSI_PLL_IN_DIV4
RCC.PLLDSINDIV=125
RCC.PLLDSIODF=DSI_PLL_OUT_DIV2
RCC.PLLDSIVCOFreq_Value=1000000000
RCC.PLLN=80
RCC.PLLPoutputFreq_Value=160000000
RCC.PLLQoutputFreq_Value=160000000
RCC.PLLRCLKFreq_Value=160000000
RCC.RNGFreq_Value=48000000
RCC.SAESFreq_Value=48000000
RCC.SAI1Freq_Value=186000000
RCC.SAI2Freq_Value=186000000
RCC.SDMMCFreq_Value=160000000
RCC.SPI1Freq_Value=160000000
RCC.SPI2Freq_Value=160000000
RCC.SPI3Freq_Value=160000000
RCC.SYSCLKFreq_VALUE=160000000
RCC.SYSCLKSource=RCC_SYSCLKSOURCE_PLLCLK
RCC.UART4Freq_Value=160000000
RCC.UART5Freq_Value=160000000
RCC.USART1Freq_Value=160000000
RCC.USART2Freq_Value=160000000
RCC.USART3Freq_Value=160000000
RCC.USART6Freq_Value=160000000
RCC.USBPHYFreq_Value=160000000
RCC.VCOInput2Freq_Value=4000000
RCC.VCOInput3Freq_Value=4000000
RCC.VCOInputFreq_Value=4000000
RCC.VCOOutputFreq_Value=320000000
RCC.VCOPLL2OutputFreq_Value=372000000
RCC.VCOPLL3OutputFreq_Value=500000000
SH.GPXTI8.0=GPIO_EXTI8
SH.GPXTI8.ConfNb=1
SH.S_TIM8_CH2.0=TIM8_CH2,PWM Generation2 CH2
SH.S_TIM8_CH2.ConfNb=1
STMicroelectronics.X-CUBE-FREERTOS.1.0.0.CMSISJjRTOS2_Checked=true
STMicroelectronics.X-CUBE-FREERTOS.1.0.0.IPParameters=configENABLE_FPU,configUSE_APPLICATION_TASK_TAG,configUSE_IDLE_HOOK,configTOTAL_HEAP_SIZE,RTOS2CcCMSISJjRTOS2JjCore,RTOS2CcCMSISJjRTOS2JjHeap
STMicroelectronics.X-CUBE-FREERTOS.1.0.0.RTOS2CcCMSISJjRTOS2JjCore=TZIiNonIiSupported
STMicroelectronics.X-CUBE-FREERTOS.1.0.0.RTOS2CcCMSISJjRTOS2JjHeap=HeapIi4
STMicroelectronics.X-CUBE-FREERTOS.1.0.0.configENABLE_FPU=1
STMicroelectronics.X-CUBE-FREERTOS.1.0.0.configTOTAL_HEAP_SIZE=50000
STMicroelectronics.X-CUBE-FREERTOS.1.0.0.configUSE_APPLICATION_TASK_TAG=1
STMicroelectronics.X-CUBE-FREERTOS.1.0.0.configUSE_IDLE_HOOK=1
STMicroelectronics.X-CUBE-FREERTOS.1.0.0_SwParameter=RTOS2CcCMSISJjRTOS2JjHeap\:HeapIi4;RTOS2CcCMSISJjRTOS2JjCore\:TZIiNonIiSupported;
STMicroelectronics.X-CUBE-TOUCHGFX.4.23.0.ApplicationCcGraphicsJjApplication=TouchGFXOoGenerator
STMicroelectronics.X-CUBE-TOUCHGFX.4.23.0.GraphicsJjApplication_Checked=true
STMicroelectronics.X-CUBE-TOUCHGFX.4.23.0.IPParameters=tgfx_display_interface,tgfx_vsync,tgfx_hardware_accelerator,tgfx_nemap_accelerator,tgfx_buffering_strategy,tgfx_vector_rendering,tgfx_oswrapper,tgfx_vector_fonts,ApplicationCcGraphicsJjApplication
STMicroelectronics.X-CUBE-TOUCHGFX.4.23.0.tgfx_buffering_strategy=Double
STMicroelectronics.X-CUBE-TOUCHGFX.4.23.0.tgfx_display_interface=disp_ltdc
STMicroelectronics.X-CUBE-TOUCHGFX.4.23.0.tgfx_hardware_accelerator=dma_2d
STMicroelectronics.X-CUBE-TOUCHGFX.4.23.0.tgfx_nemap_accelerator=gpu2d_enabled
STMicroelectronics.X-CUBE-TOUCHGFX.4.23.0.tgfx_oswrapper=CMSIS V2
STMicroelectronics.X-CUBE-TOUCHGFX.4.23.0.tgfx_vector_fonts=Enabled
STMicroelectronics.X-CUBE-TOUCHGFX.4.23.0.tgfx_vector_rendering=Hardware
STMicroelectronics.X-CUBE-TOUCHGFX.4.23.0.tgfx_vsync=vsync_ltdc
STMicroelectronics.X-CUBE-TOUCHGFX.4.23.0_IsPackSelfContextualization=true
STMicroelectronics.X-CUBE-TOUCHGFX.4.23.0_SwParameter=ApplicationCcGraphicsJjApplication\:TouchGFXOoGenerator;
TIM8.Channel-PWM\ Generation2\ CH2=TIM_CHANNEL_2
TIM8.IPParameters=Channel-PWM Generation2 CH2,Prescaler,PeriodNoDither,PulseNoDither_2
TIM8.PeriodNoDither=139
TIM8.Prescaler=18
TIM8.PulseNoDither_2=100
VP_CRC_VS_CRC.Mode=CRC_Activate
VP_CRC_VS_CRC.Signal=CRC_VS_CRC
VP_DCACHE1_VS_DCACHE.Mode=DCACHE_Activate
VP_DCACHE1_VS_DCACHE.Signal=DCACHE1_VS_DCACHE
VP_DCACHE2_VS_DCACHE.Mode=DCACHE_Activate
VP_DCACHE2_VS_DCACHE.Signal=DCACHE2_VS_DCACHE
VP_DMA2D_VS_DMA2D.Mode=DMA2D_Activate
VP_DMA2D_VS_DMA2D.Signal=DMA2D_VS_DMA2D
VP_GPU2D_VS_GPU2D.Mode=GPU2D_Activate
VP_GPU2D_VS_GPU2D.Signal=GPU2D_VS_GPU2D
VP_ICACHE_VS_ICACHE.Mode=DirectMappedCache
VP_ICACHE_VS_ICACHE.Signal=ICACHE_VS_ICACHE
VP_LTDC_DSIMode.Mode=RGB888
VP_LTDC_DSIMode.Signal=LTDC_DSIMode
VP_OCTOSPI1_VS_octo.Mode=octo_mode
VP_OCTOSPI1_VS_octo.Signal=OCTOSPI1_VS_octo
VP_PWR_VS_DBSignals.Mode=DisableDeadBatterySignals
VP_PWR_VS_DBSignals.Signal=PWR_VS_DBSignals
VP_PWR_VS_LPOM.Mode=PowerOptimisation
VP_PWR_VS_LPOM.Signal=PWR_VS_LPOM
VP_PWR_VS_SECSignals.Mode=Security/Privilege
VP_PWR_VS_SECSignals.Signal=PWR_VS_SECSignals
VP_STMicroelectronics.X-CUBE-FREERTOS_VS_CMSISJjRTOS2_10.4.6_1.0.0.Mode=CMSISJjRTOS2
VP_STMicroelectronics.X-CUBE-FREERTOS_VS_CMSISJjRTOS2_10.4.6_1.0.0.Signal=STMicroelectronics.X-CUBE-FREERTOS_VS_CMSISJjRTOS2_10.4.6_1.0.0
VP_STMicroelectronics.X-CUBE-TOUCHGFX_VS_GraphicsJjApplication_4.23.0.Mode=GraphicsJjApplication
VP_STMicroelectronics.X-CUBE-TOUCHGFX_VS_GraphicsJjApplication_4.23.0.Signal=STMicroelectronics.X-CUBE-TOUCHGFX_VS_GraphicsJjApplication_4.23.0
VP_SYS_VS_tim6.Mode=TIM6
VP_SYS_VS_tim6.Signal=SYS_VS_tim6
VP_TIM8_VS_ClockSourceINT.Mode=Internal
VP_TIM8_VS_ClockSourceINT.Signal=TIM8_VS_ClockSourceINT
board=custom
rtos.0.ip=STMicroelectronics.X-CUBE-FREERTOS.1.0.0
rtos.0.tasks.0=allocationType,Dynamic;bufferName,NULL;codeGen,Default;controlBlockName,NULL;entry,StartDefaultTask;name,defaultTask;parameter,NULL;priority,osPriorityNormal;stackSize,128
rtos.0.tasks.1=allocationType,Dynamic;bufferName,NULL;codeGen,As external;controlBlockName,NULL;entry,TouchGFX_Task;name,GUI_Task;parameter,NULL;priority,osPriorityNormal;stackSize,8192
